{
  "object": {
    "pins": [
      {
        "package": "sa-sdk-ios",
        "repositoryURL": "https://github.com/asura1234/sa-sdk-ios.git",
        "state": {
          "branch": null,
          "revision": "24acb7e0372880e8b853484c9b523e8b9c2b206b",
          "version": null
        }
      }
    ]
  },
  "version": 1
}
