{
  "object": {
    "pins": [
      {
        "package": "sa-sdk-ios",
        "repositoryURL": "https://github.com/asura1234/sa-sdk-ios.git",
        "state": {
          "branch": null,
          "revision": "5cc1b979f11cf947c1a78b47e1d02db291c1e961",
          "version": null
        }
      }
    ]
  },
  "version": 1
}
