{
  "object": {
    "pins": [
      {
        "package": "sa-sdk-ios",
        "repositoryURL": "https://github.com/asura1234/sa-sdk-ios.git",
        "state": {
          "branch": null,
          "revision": "0cdd5e372b24a6725575758b9e05dbfb1c25aea2",
          "version": null
        }
      }
    ]
  },
  "version": 1
}
